
Microsoft Visual Studio Solution File, Format Version 12.00
# Visual Studio Version 17
VisualStudioVersion = 17.0.32014.148
MinimumVisualStudioVersion = 10.0.40219.1
Project("{FAE04EC0-301F-11D3-BF4B-00C04F79EFBC}") = "WindowsFormsApp1", "WindowsFormsApp1\WindowsFormsApp1.csproj", "{D444C1BF-B094-45E7-9D3C-B0EEF1F744FF}"
EndProject
Global
	GlobalSection(SolutionConfigurationPlatforms) = preSolution
		Debug|Any CPU = Debug|Any CPU
		Release|Any CPU = Release|Any CPU
	EndGlobalSection
	GlobalSection(ProjectConfigurationPlatforms) = postSolution
		{D444C1BF-B094-45E7-9D3C-B0EEF1F744FF}.Debug|Any CPU.ActiveCfg = Debug|Any CPU
		{D444C1BF-B094-45E7-9D3C-B0EEF1F744FF}.Debug|Any CPU.Build.0 = Debug|Any CPU
		{D444C1BF-B094-45E7-9D3C-B0EEF1F744FF}.Release|Any CPU.ActiveCfg = Release|Any CPU
		{D444C1BF-B094-45E7-9D3C-B0EEF1F744FF}.Release|Any CPU.Build.0 = Release|Any CPU
	EndGlobalSection
	GlobalSection(SolutionProperties) = preSolution
		HideSolutionNode = FALSE
	EndGlobalSection
	GlobalSection(ExtensibilityGlobals) = postSolution
		SolutionGuid = {0672156A-E900-49B3-91B7-218A1327380E}
	EndGlobalSection
EndGlobal
